
Microsoft Visual Studio Solution File, Format Version 12.00
# Visual Studio Version 16
VisualStudioVersion = 16.0.29209.62
MinimumVisualStudioVersion = 10.0.40219.1
Project("{FAE04EC0-301F-11D3-BF4B-00C04F79EFBC}") = "CSharpFramework", "CSharpFramework\CSharpFramework.csproj", "{CFF766B5-AAF1-4638-A423-F71EA26E70E5}"
EndProject
Project("{FAE04EC0-301F-11D3-BF4B-00C04F79EFBC}") = "AorUnityExtents", "AorUnityExtents\AorUnityExtents.csproj", "{CECF4585-83A2-459E-92C4-767CBEDCB16C}"
EndProject
Project("{FAE04EC0-301F-11D3-BF4B-00C04F79EFBC}") = "AorFramework", "AorFramework\source\AorFramework.csproj", "{B05094BF-0EFC-4835-A998-EA8A3198A46E}"
EndProject
Project("{FAE04EC0-301F-11D3-BF4B-00C04F79EFBC}") = "AorFrameworkEditor", "AorFramework\editor\AorFrameworkEditor.csproj", "{BDF1F7FF-E854-4A89-9BA7-3BC8FE065911}"
EndProject
Project("{FAE04EC0-301F-11D3-BF4B-00C04F79EFBC}") = "AorFrameworkUI", "AorFrameworkUI\source\AorFrameworkUI.csproj", "{14AFDF8D-858D-4A6B-8BCC-7B228A1A5CAA}"
EndProject
Project("{FAE04EC0-301F-11D3-BF4B-00C04F79EFBC}") = "AorFrameworkUIEditor", "AorFrameworkUI\editor\AorFrameworkUIEditor.csproj", "{9E361442-2D10-4B6A-85BA-AD8271A8917A}"
EndProject
Global
	GlobalSection(SolutionConfigurationPlatforms) = preSolution
		Debug|Any CPU = Debug|Any CPU
		Release|Any CPU = Release|Any CPU
	EndGlobalSection
	GlobalSection(ProjectConfigurationPlatforms) = postSolution
		{CFF766B5-AAF1-4638-A423-F71EA26E70E5}.Debug|Any CPU.ActiveCfg = Debug|Any CPU
		{CFF766B5-AAF1-4638-A423-F71EA26E70E5}.Debug|Any CPU.Build.0 = Debug|Any CPU
		{CFF766B5-AAF1-4638-A423-F71EA26E70E5}.Release|Any CPU.ActiveCfg = Release|Any CPU
		{CFF766B5-AAF1-4638-A423-F71EA26E70E5}.Release|Any CPU.Build.0 = Release|Any CPU
		{CECF4585-83A2-459E-92C4-767CBEDCB16C}.Debug|Any CPU.ActiveCfg = Debug|Any CPU
		{CECF4585-83A2-459E-92C4-767CBEDCB16C}.Debug|Any CPU.Build.0 = Debug|Any CPU
		{CECF4585-83A2-459E-92C4-767CBEDCB16C}.Release|Any CPU.ActiveCfg = Release|Any CPU
		{CECF4585-83A2-459E-92C4-767CBEDCB16C}.Release|Any CPU.Build.0 = Release|Any CPU
		{B05094BF-0EFC-4835-A998-EA8A3198A46E}.Debug|Any CPU.ActiveCfg = Debug|Any CPU
		{B05094BF-0EFC-4835-A998-EA8A3198A46E}.Debug|Any CPU.Build.0 = Debug|Any CPU
		{B05094BF-0EFC-4835-A998-EA8A3198A46E}.Release|Any CPU.ActiveCfg = Release|Any CPU
		{B05094BF-0EFC-4835-A998-EA8A3198A46E}.Release|Any CPU.Build.0 = Release|Any CPU
		{BDF1F7FF-E854-4A89-9BA7-3BC8FE065911}.Debug|Any CPU.ActiveCfg = Debug|Any CPU
		{BDF1F7FF-E854-4A89-9BA7-3BC8FE065911}.Debug|Any CPU.Build.0 = Debug|Any CPU
		{BDF1F7FF-E854-4A89-9BA7-3BC8FE065911}.Release|Any CPU.ActiveCfg = Release|Any CPU
		{BDF1F7FF-E854-4A89-9BA7-3BC8FE065911}.Release|Any CPU.Build.0 = Release|Any CPU
		{14AFDF8D-858D-4A6B-8BCC-7B228A1A5CAA}.Debug|Any CPU.ActiveCfg = Debug|Any CPU
		{14AFDF8D-858D-4A6B-8BCC-7B228A1A5CAA}.Debug|Any CPU.Build.0 = Debug|Any CPU
		{14AFDF8D-858D-4A6B-8BCC-7B228A1A5CAA}.Release|Any CPU.ActiveCfg = Release|Any CPU
		{14AFDF8D-858D-4A6B-8BCC-7B228A1A5CAA}.Release|Any CPU.Build.0 = Release|Any CPU
		{9E361442-2D10-4B6A-85BA-AD8271A8917A}.Debug|Any CPU.ActiveCfg = Debug|Any CPU
		{9E361442-2D10-4B6A-85BA-AD8271A8917A}.Debug|Any CPU.Build.0 = Debug|Any CPU
		{9E361442-2D10-4B6A-85BA-AD8271A8917A}.Release|Any CPU.ActiveCfg = Release|Any CPU
		{9E361442-2D10-4B6A-85BA-AD8271A8917A}.Release|Any CPU.Build.0 = Release|Any CPU
	EndGlobalSection
	GlobalSection(SolutionProperties) = preSolution
		HideSolutionNode = FALSE
	EndGlobalSection
	GlobalSection(ExtensibilityGlobals) = postSolution
		SolutionGuid = {810242E5-3B98-481E-A96F-C16204E500E3}
	EndGlobalSection
	GlobalSection(MonoDevelopProperties) = preSolution
		StartupItem = Assembly-CSharp.csproj
	EndGlobalSection
EndGlobal
